
Microsoft Visual Studio Solution File, Format Version 12.00
# Visual Studio Version 16
VisualStudioVersion = 16.0.30011.22
MinimumVisualStudioVersion = 10.0.40219.1
Project("{FAE04EC0-301F-11D3-BF4B-00C04F79EFBC}") = "PropertyManagerApi", "PropertyManagerApi\PropertyManagerApi.csproj", "{26410784-ABE3-4CDB-A531-731D25DE56FE}"
EndProject
Global
	GlobalSection(SolutionConfigurationPlatforms) = preSolution
		Debug|Any CPU = Debug|Any CPU
		Release|Any CPU = Release|Any CPU
	EndGlobalSection
	GlobalSection(ProjectConfigurationPlatforms) = postSolution
		{26410784-ABE3-4CDB-A531-731D25DE56FE}.Debug|Any CPU.ActiveCfg = Debug|Any CPU
		{26410784-ABE3-4CDB-A531-731D25DE56FE}.Debug|Any CPU.Build.0 = Debug|Any CPU
		{26410784-ABE3-4CDB-A531-731D25DE56FE}.Release|Any CPU.ActiveCfg = Release|Any CPU
		{26410784-ABE3-4CDB-A531-731D25DE56FE}.Release|Any CPU.Build.0 = Release|Any CPU
	EndGlobalSection
	GlobalSection(SolutionProperties) = preSolution
		HideSolutionNode = FALSE
	EndGlobalSection
	GlobalSection(ExtensibilityGlobals) = postSolution
		SolutionGuid = {F7EFB6C3-ADBF-4DAC-8653-A846135AD172}
	EndGlobalSection
EndGlobal
